
Microsoft Visual Studio Solution File, Format Version 12.00
# Visual Studio Version 17
VisualStudioVersion = 17.11.35208.52
MinimumVisualStudioVersion = 10.0.40219.1
Project("{FAE04EC0-301F-11D3-BF4B-00C04F79EFBC}") = "ConvicartMvcWebApp", "ConvicartMvcWebApp.csproj", "{BF5F744F-AE7E-46F4-A5AF-C97B0A87FD38}"
EndProject
Global
	GlobalSection(SolutionConfigurationPlatforms) = preSolution
		Debug|Any CPU = Debug|Any CPU
		Release|Any CPU = Release|Any CPU
	EndGlobalSection
	GlobalSection(ProjectConfigurationPlatforms) = postSolution
		{BF5F744F-AE7E-46F4-A5AF-C97B0A87FD38}.Debug|Any CPU.ActiveCfg = Debug|Any CPU
		{BF5F744F-AE7E-46F4-A5AF-C97B0A87FD38}.Debug|Any CPU.Build.0 = Debug|Any CPU
		{BF5F744F-AE7E-46F4-A5AF-C97B0A87FD38}.Release|Any CPU.ActiveCfg = Release|Any CPU
		{BF5F744F-AE7E-46F4-A5AF-C97B0A87FD38}.Release|Any CPU.Build.0 = Release|Any CPU
	EndGlobalSection
	GlobalSection(SolutionProperties) = preSolution
		HideSolutionNode = FALSE
	EndGlobalSection
	GlobalSection(ExtensibilityGlobals) = postSolution
		SolutionGuid = {8D2E8E54-4199-458D-BFCD-ADD0287D17C5}
	EndGlobalSection
EndGlobal
